
Microsoft Visual Studio Solution File, Format Version 12.00
# Visual Studio Version 17
VisualStudioVersion = 17.6.33829.357
MinimumVisualStudioVersion = 10.0.40219.1
Project("{FAE04EC0-301F-11D3-BF4B-00C04F79EFBC}") = "CSC322GUIProject", "CSC322GUIProject.csproj", "{2F5474DD-C6DD-4409-9235-5508D55287F0}"
EndProject
Global
	GlobalSection(SolutionConfigurationPlatforms) = preSolution
		Debug|Any CPU = Debug|Any CPU
		Release|Any CPU = Release|Any CPU
	EndGlobalSection
	GlobalSection(ProjectConfigurationPlatforms) = postSolution
		{2F5474DD-C6DD-4409-9235-5508D55287F0}.Debug|Any CPU.ActiveCfg = Debug|Any CPU
		{2F5474DD-C6DD-4409-9235-5508D55287F0}.Debug|Any CPU.Build.0 = Debug|Any CPU
		{2F5474DD-C6DD-4409-9235-5508D55287F0}.Release|Any CPU.ActiveCfg = Release|Any CPU
		{2F5474DD-C6DD-4409-9235-5508D55287F0}.Release|Any CPU.Build.0 = Release|Any CPU
	EndGlobalSection
	GlobalSection(SolutionProperties) = preSolution
		HideSolutionNode = FALSE
	EndGlobalSection
	GlobalSection(ExtensibilityGlobals) = postSolution
		SolutionGuid = {EE62D018-53E3-43E4-88CF-F0A17183F2EA}
	EndGlobalSection
EndGlobal
